
Microsoft Visual Studio Solution File, Format Version 12.00
# Visual Studio Version 16
VisualStudioVersion = 16.0.30406.217
MinimumVisualStudioVersion = 10.0.40219.1
Project("{9A19103F-16F7-4668-BE54-9A1E7A4F7556}") = "AgileServiceBus", "AgileServiceBus\AgileServiceBus.csproj", "{6E826767-06AB-4999-A537-17359A0BADAA}"
EndProject
Project("{9A19103F-16F7-4668-BE54-9A1E7A4F7556}") = "AgileServiceBus.Test", "AgileServiceBus.Test\AgileServiceBus.Test.csproj", "{54E60976-3762-470F-964A-828C717F23E5}"
EndProject
Global
	GlobalSection(SolutionConfigurationPlatforms) = preSolution
		Debug|Any CPU = Debug|Any CPU
		Release|Any CPU = Release|Any CPU
	EndGlobalSection
	GlobalSection(ProjectConfigurationPlatforms) = postSolution
		{6E826767-06AB-4999-A537-17359A0BADAA}.Debug|Any CPU.ActiveCfg = Debug|Any CPU
		{6E826767-06AB-4999-A537-17359A0BADAA}.Debug|Any CPU.Build.0 = Debug|Any CPU
		{6E826767-06AB-4999-A537-17359A0BADAA}.Release|Any CPU.ActiveCfg = Release|Any CPU
		{6E826767-06AB-4999-A537-17359A0BADAA}.Release|Any CPU.Build.0 = Release|Any CPU
		{54E60976-3762-470F-964A-828C717F23E5}.Debug|Any CPU.ActiveCfg = Debug|Any CPU
		{54E60976-3762-470F-964A-828C717F23E5}.Debug|Any CPU.Build.0 = Debug|Any CPU
		{54E60976-3762-470F-964A-828C717F23E5}.Release|Any CPU.ActiveCfg = Release|Any CPU
		{54E60976-3762-470F-964A-828C717F23E5}.Release|Any CPU.Build.0 = Release|Any CPU
	EndGlobalSection
	GlobalSection(SolutionProperties) = preSolution
		HideSolutionNode = FALSE
	EndGlobalSection
	GlobalSection(ExtensibilityGlobals) = postSolution
		SolutionGuid = {373D34EC-F7B1-4661-A028-59DFF7DAF4FE}
	EndGlobalSection
EndGlobal
